
Microsoft Visual Studio Solution File, Format Version 12.00
# Visual Studio Version 17
VisualStudioVersion = 17.4.33205.214
MinimumVisualStudioVersion = 10.0.40219.1
Project("{2150E333-8FDC-42A3-9474-1A3956D46DE8}") = "Application", "Application", "{15E53517-118E-4D8F-AE15-7F922D6D3558}"
EndProject
Project("{2150E333-8FDC-42A3-9474-1A3956D46DE8}") = "Domain", "Domain", "{440DB8D1-568C-4994-85DE-3F498A23EAD1}"
EndProject
Project("{2150E333-8FDC-42A3-9474-1A3956D46DE8}") = "Infrastructure", "Infrastructure", "{50264B6B-8C5E-46DE-99BC-227E27DE0DD7}"
EndProject
Project("{2150E333-8FDC-42A3-9474-1A3956D46DE8}") = "Presentation", "Presentation", "{59C83C63-7B64-437F-AEEA-88899B332075}"
EndProject
Project("{2150E333-8FDC-42A3-9474-1A3956D46DE8}") = "Tests", "Tests", "{33951359-543E-4CBD-89D9-A760FBFC727D}"
EndProject
Project("{FAE04EC0-301F-11D3-BF4B-00C04F79EFBC}") = "CleanArchitect.Application", "CleanArchitect.Application\CleanArchitect.Application.csproj", "{621B9F71-B4E3-4B73-BEE8-397849A2247C}"
EndProject
Project("{FAE04EC0-301F-11D3-BF4B-00C04F79EFBC}") = "CleanArchitect.Domain", "CleanArchitect.Domain\CleanArchitect.Domain.csproj", "{CEABB32C-06CA-46E1-841A-1306984DA762}"
EndProject
Project("{FAE04EC0-301F-11D3-BF4B-00C04F79EFBC}") = "CleanArchitect.Infrastructure.Persistence", "CleanArchitect.Infrastructure.Persistence\CleanArchitect.Infrastructure.Persistence.csproj", "{1001A4D7-ECB5-4E6F-ACB1-3C0AC11D70F1}"
EndProject
Project("{FAE04EC0-301F-11D3-BF4B-00C04F79EFBC}") = "CleanArchitect.Infrastructure.Core", "CleanArchitect.Infrastructure.Core\CleanArchitect.Infrastructure.Core.csproj", "{3B676749-36C8-41BE-8E19-FD488D7C8F4F}"
EndProject
Project("{FAE04EC0-301F-11D3-BF4B-00C04F79EFBC}") = "CleanArchitect.Presentation.Contracts", "CleanArchitect.Presentation.Contracts\CleanArchitect.Presentation.Contracts.csproj", "{C211F2FC-5CC4-4914-8B7D-1BC001A49DFF}"
EndProject
Project("{FAE04EC0-301F-11D3-BF4B-00C04F79EFBC}") = "CleanArchitect.Presentation.Mappers", "CleanArchitect.Presentation.Mappers\CleanArchitect.Presentation.Mappers.csproj", "{D72C49E6-0890-401C-B271-6249FCF03843}"
EndProject
Project("{FAE04EC0-301F-11D3-BF4B-00C04F79EFBC}") = "CleanArchitect.Presentation.Api", "CleanArchitect.Presentation.Api\CleanArchitect.Presentation.Api.csproj", "{7D16BC32-DB02-4921-B698-E5997235E50B}"
EndProject
Global
	GlobalSection(SolutionConfigurationPlatforms) = preSolution
		Debug|Any CPU = Debug|Any CPU
		Release|Any CPU = Release|Any CPU
	EndGlobalSection
	GlobalSection(ProjectConfigurationPlatforms) = postSolution
		{621B9F71-B4E3-4B73-BEE8-397849A2247C}.Debug|Any CPU.ActiveCfg = Debug|Any CPU
		{621B9F71-B4E3-4B73-BEE8-397849A2247C}.Debug|Any CPU.Build.0 = Debug|Any CPU
		{621B9F71-B4E3-4B73-BEE8-397849A2247C}.Release|Any CPU.ActiveCfg = Release|Any CPU
		{621B9F71-B4E3-4B73-BEE8-397849A2247C}.Release|Any CPU.Build.0 = Release|Any CPU
		{CEABB32C-06CA-46E1-841A-1306984DA762}.Debug|Any CPU.ActiveCfg = Debug|Any CPU
		{CEABB32C-06CA-46E1-841A-1306984DA762}.Debug|Any CPU.Build.0 = Debug|Any CPU
		{CEABB32C-06CA-46E1-841A-1306984DA762}.Release|Any CPU.ActiveCfg = Release|Any CPU
		{CEABB32C-06CA-46E1-841A-1306984DA762}.Release|Any CPU.Build.0 = Release|Any CPU
		{1001A4D7-ECB5-4E6F-ACB1-3C0AC11D70F1}.Debug|Any CPU.ActiveCfg = Debug|Any CPU
		{1001A4D7-ECB5-4E6F-ACB1-3C0AC11D70F1}.Debug|Any CPU.Build.0 = Debug|Any CPU
		{1001A4D7-ECB5-4E6F-ACB1-3C0AC11D70F1}.Release|Any CPU.ActiveCfg = Release|Any CPU
		{1001A4D7-ECB5-4E6F-ACB1-3C0AC11D70F1}.Release|Any CPU.Build.0 = Release|Any CPU
		{3B676749-36C8-41BE-8E19-FD488D7C8F4F}.Debug|Any CPU.ActiveCfg = Debug|Any CPU
		{3B676749-36C8-41BE-8E19-FD488D7C8F4F}.Debug|Any CPU.Build.0 = Debug|Any CPU
		{3B676749-36C8-41BE-8E19-FD488D7C8F4F}.Release|Any CPU.ActiveCfg = Release|Any CPU
		{3B676749-36C8-41BE-8E19-FD488D7C8F4F}.Release|Any CPU.Build.0 = Release|Any CPU
		{C211F2FC-5CC4-4914-8B7D-1BC001A49DFF}.Debug|Any CPU.ActiveCfg = Debug|Any CPU
		{C211F2FC-5CC4-4914-8B7D-1BC001A49DFF}.Debug|Any CPU.Build.0 = Debug|Any CPU
		{C211F2FC-5CC4-4914-8B7D-1BC001A49DFF}.Release|Any CPU.ActiveCfg = Release|Any CPU
		{C211F2FC-5CC4-4914-8B7D-1BC001A49DFF}.Release|Any CPU.Build.0 = Release|Any CPU
		{D72C49E6-0890-401C-B271-6249FCF03843}.Debug|Any CPU.ActiveCfg = Debug|Any CPU
		{D72C49E6-0890-401C-B271-6249FCF03843}.Debug|Any CPU.Build.0 = Debug|Any CPU
		{D72C49E6-0890-401C-B271-6249FCF03843}.Release|Any CPU.ActiveCfg = Release|Any CPU
		{D72C49E6-0890-401C-B271-6249FCF03843}.Release|Any CPU.Build.0 = Release|Any CPU
		{7D16BC32-DB02-4921-B698-E5997235E50B}.Debug|Any CPU.ActiveCfg = Debug|Any CPU
		{7D16BC32-DB02-4921-B698-E5997235E50B}.Debug|Any CPU.Build.0 = Debug|Any CPU
		{7D16BC32-DB02-4921-B698-E5997235E50B}.Release|Any CPU.ActiveCfg = Release|Any CPU
		{7D16BC32-DB02-4921-B698-E5997235E50B}.Release|Any CPU.Build.0 = Release|Any CPU
	EndGlobalSection
	GlobalSection(SolutionProperties) = preSolution
		HideSolutionNode = FALSE
	EndGlobalSection
	GlobalSection(NestedProjects) = preSolution
		{621B9F71-B4E3-4B73-BEE8-397849A2247C} = {15E53517-118E-4D8F-AE15-7F922D6D3558}
		{CEABB32C-06CA-46E1-841A-1306984DA762} = {440DB8D1-568C-4994-85DE-3F498A23EAD1}
		{1001A4D7-ECB5-4E6F-ACB1-3C0AC11D70F1} = {50264B6B-8C5E-46DE-99BC-227E27DE0DD7}
		{3B676749-36C8-41BE-8E19-FD488D7C8F4F} = {50264B6B-8C5E-46DE-99BC-227E27DE0DD7}
		{C211F2FC-5CC4-4914-8B7D-1BC001A49DFF} = {59C83C63-7B64-437F-AEEA-88899B332075}
		{D72C49E6-0890-401C-B271-6249FCF03843} = {59C83C63-7B64-437F-AEEA-88899B332075}
		{7D16BC32-DB02-4921-B698-E5997235E50B} = {59C83C63-7B64-437F-AEEA-88899B332075}
	EndGlobalSection
	GlobalSection(ExtensibilityGlobals) = postSolution
		SolutionGuid = {6B3B60D0-7FDB-4E2F-9EB1-14EB6D825813}
	EndGlobalSection
EndGlobal
